// !$*UTF8*$!
{
	archiveVersion = 1;
	classes = {
	};
	objectVersion = 46;
	objects = {

/* Begin PBXBuildFile section */
		154C9A5FD42F33B6B9387971 /* Pods.framework in Frameworks */ = {isa = PBXBuildFile; fileRef = A7649DAF52171AA4AE79EF0B /* Pods.framework */; };
		930B4BF81C3AC857008D22D8 /* SF-UI-Display-Black.otf in Resources */ = {isa = PBXBuildFile; fileRef = 930B4BE31C3AC857008D22D8 /* SF-UI-Display-Black.otf */; };
		930B4BF91C3AC857008D22D8 /* SF-UI-Display-Bold.otf in Resources */ = {isa = PBXBuildFile; fileRef = 930B4BE41C3AC857008D22D8 /* SF-UI-Display-Bold.otf */; };
		930B4BFA1C3AC857008D22D8 /* SF-UI-Display-Heavy.otf in Resources */ = {isa = PBXBuildFile; fileRef = 930B4BE51C3AC857008D22D8 /* SF-UI-Display-Heavy.otf */; };
		930B4BFB1C3AC857008D22D8 /* SF-UI-Display-Light.otf in Resources */ = {isa = PBXBuildFile; fileRef = 930B4BE61C3AC857008D22D8 /* SF-UI-Display-Light.otf */; };
		930B4BFC1C3AC857008D22D8 /* SF-UI-Display-Medium.otf in Resources */ = {isa = PBXBuildFile; fileRef = 930B4BE71C3AC857008D22D8 /* SF-UI-Display-Medium.otf */; };
		930B4BFD1C3AC857008D22D8 /* SF-UI-Display-Regular.otf in Resources */ = {isa = PBXBuildFile; fileRef = 930B4BE81C3AC857008D22D8 /* SF-UI-Display-Regular.otf */; };
		930B4BFE1C3AC857008D22D8 /* SF-UI-Display-Semibold.otf in Resources */ = {isa = PBXBuildFile; fileRef = 930B4BE91C3AC857008D22D8 /* SF-UI-Display-Semibold.otf */; };
		930B4BFF1C3AC857008D22D8 /* SF-UI-Display-Thin.otf in Resources */ = {isa = PBXBuildFile; fileRef = 930B4BEA1C3AC857008D22D8 /* SF-UI-Display-Thin.otf */; };
		930B4C001C3AC857008D22D8 /* SF-UI-Display-Ultralight.otf in Resources */ = {isa = PBXBuildFile; fileRef = 930B4BEB1C3AC857008D22D8 /* SF-UI-Display-Ultralight.otf */; };
		930B4C011C3AC857008D22D8 /* SF-UI-Text-Bold.otf in Resources */ = {isa = PBXBuildFile; fileRef = 930B4BEC1C3AC857008D22D8 /* SF-UI-Text-Bold.otf */; };
		930B4C021C3AC857008D22D8 /* SF-UI-Text-BoldItalic.otf in Resources */ = {isa = PBXBuildFile; fileRef = 930B4BED1C3AC857008D22D8 /* SF-UI-Text-BoldItalic.otf */; };
		930B4C031C3AC857008D22D8 /* SF-UI-Text-Heavy.otf in Resources */ = {isa = PBXBuildFile; fileRef = 930B4BEE1C3AC857008D22D8 /* SF-UI-Text-Heavy.otf */; };
		930B4C041C3AC857008D22D8 /* SF-UI-Text-HeavyItalic.otf in Resources */ = {isa = PBXBuildFile; fileRef = 930B4BEF1C3AC857008D22D8 /* SF-UI-Text-HeavyItalic.otf */; };
		930B4C051C3AC857008D22D8 /* SF-UI-Text-Light.otf in Resources */ = {isa = PBXBuildFile; fileRef = 930B4BF01C3AC857008D22D8 /* SF-UI-Text-Light.otf */; };
		930B4C061C3AC857008D22D8 /* SF-UI-Text-LightItalic.otf in Resources */ = {isa = PBXBuildFile; fileRef = 930B4BF11C3AC857008D22D8 /* SF-UI-Text-LightItalic.otf */; };
		930B4C071C3AC857008D22D8 /* SF-UI-Text-Medium.otf in Resources */ = {isa = PBXBuildFile; fileRef = 930B4BF21C3AC857008D22D8 /* SF-UI-Text-Medium.otf */; };
		930B4C081C3AC857008D22D8 /* SF-UI-Text-MediumItalic.otf in Resources */ = {isa = PBXBuildFile; fileRef = 930B4BF31C3AC857008D22D8 /* SF-UI-Text-MediumItalic.otf */; };
		930B4C091C3AC857008D22D8 /* SF-UI-Text-Regular.otf in Resources */ = {isa = PBXBuildFile; fileRef = 930B4BF41C3AC857008D22D8 /* SF-UI-Text-Regular.otf */; };
		930B4C0A1C3AC857008D22D8 /* SF-UI-Text-RegularItalic.otf in Resources */ = {isa = PBXBuildFile; fileRef = 930B4BF51C3AC857008D22D8 /* SF-UI-Text-RegularItalic.otf */; };
		930B4C0B1C3AC857008D22D8 /* SF-UI-Text-Semibold.otf in Resources */ = {isa = PBXBuildFile; fileRef = 930B4BF61C3AC857008D22D8 /* SF-UI-Text-Semibold.otf */; };
		930B4C0C1C3AC857008D22D8 /* SF-UI-Text-SemiboldItalic.otf in Resources */ = {isa = PBXBuildFile; fileRef = 930B4BF71C3AC857008D22D8 /* SF-UI-Text-SemiboldItalic.otf */; };
		930B4C191C3AEC1E008D22D8 /* IBAContact.swift in Sources */ = {isa = PBXBuildFile; fileRef = 930B4C181C3AEC1E008D22D8 /* IBAContact.swift */; };
		930B4C1B1C3AEC2A008D22D8 /* IBARoundedButton.swift in Sources */ = {isa = PBXBuildFile; fileRef = 930B4C1A1C3AEC2A008D22D8 /* IBARoundedButton.swift */; };
		930B4C1D1C3AEC39008D22D8 /* IBAContactsSetupViewController.swift in Sources */ = {isa = PBXBuildFile; fileRef = 930B4C1C1C3AEC39008D22D8 /* IBAContactsSetupViewController.swift */; };
		930B4C1F1C3AECB0008D22D8 /* IBAContactIntervalSetupViewController.swift in Sources */ = {isa = PBXBuildFile; fileRef = 930B4C1E1C3AECB0008D22D8 /* IBAContactIntervalSetupViewController.swift */; };
		930B4C211C3AF6E5008D22D8 /* IBAAppData.swift in Sources */ = {isa = PBXBuildFile; fileRef = 930B4C201C3AF6E5008D22D8 /* IBAAppData.swift */; };
		930B4C231C3B0E1B008D22D8 /* IBAOverviewViewController.swift in Sources */ = {isa = PBXBuildFile; fileRef = 930B4C221C3B0E1B008D22D8 /* IBAOverviewViewController.swift */; };
		930B4C251C3B1590008D22D8 /* IBAReplaceSegue.swift in Sources */ = {isa = PBXBuildFile; fileRef = 930B4C241C3B1590008D22D8 /* IBAReplaceSegue.swift */; };
		930B4C271C3B1864008D22D8 /* IBAOverviewTableViewCell.swift in Sources */ = {isa = PBXBuildFile; fileRef = 930B4C261C3B1864008D22D8 /* IBAOverviewTableViewCell.swift */; };
		93DDAF611C37284E001D9362 /* AppDelegate.swift in Sources */ = {isa = PBXBuildFile; fileRef = 93DDAF601C37284E001D9362 /* AppDelegate.swift */; };
		93DDAF661C37284E001D9362 /* Main.storyboard in Resources */ = {isa = PBXBuildFile; fileRef = 93DDAF641C37284E001D9362 /* Main.storyboard */; };
		93DDAF681C37284E001D9362 /* Assets.xcassets in Resources */ = {isa = PBXBuildFile; fileRef = 93DDAF671C37284E001D9362 /* Assets.xcassets */; };
		93DDAF6B1C37284E001D9362 /* LaunchScreen.storyboard in Resources */ = {isa = PBXBuildFile; fileRef = 93DDAF691C37284E001D9362 /* LaunchScreen.storyboard */; };
		93DDAF761C37284E001D9362 /* IBATests.swift in Sources */ = {isa = PBXBuildFile; fileRef = 93DDAF751C37284E001D9362 /* IBATests.swift */; };
		93DDAF811C37284E001D9362 /* IBAUITests.swift in Sources */ = {isa = PBXBuildFile; fileRef = 93DDAF801C37284E001D9362 /* IBAUITests.swift */; };
/* End PBXBuildFile section */

/* Begin PBXContainerItemProxy section */
		93DDAF721C37284E001D9362 /* PBXContainerItemProxy */ = {
			isa = PBXContainerItemProxy;
			containerPortal = 93DDAF551C37284E001D9362 /* Project object */;
			proxyType = 1;
			remoteGlobalIDString = 93DDAF5C1C37284E001D9362;
			remoteInfo = IBA;
		};
		93DDAF7D1C37284E001D9362 /* PBXContainerItemProxy */ = {
			isa = PBXContainerItemProxy;
			containerPortal = 93DDAF551C37284E001D9362 /* Project object */;
			proxyType = 1;
			remoteGlobalIDString = 93DDAF5C1C37284E001D9362;
			remoteInfo = IBA;
		};
/* End PBXContainerItemProxy section */

/* Begin PBXFileReference section */
		930B4BE31C3AC857008D22D8 /* SF-UI-Display-Black.otf */ = {isa = PBXFileReference; lastKnownFileType = file; name = "SF-UI-Display-Black.otf"; path = "Resources/Fonts/SF-UI-Display-Black.otf"; sourceTree = "<group>"; };
		930B4BE41C3AC857008D22D8 /* SF-UI-Display-Bold.otf */ = {isa = PBXFileReference; lastKnownFileType = file; name = "SF-UI-Display-Bold.otf"; path = "Resources/Fonts/SF-UI-Display-Bold.otf"; sourceTree = "<group>"; };
		930B4BE51C3AC857008D22D8 /* SF-UI-Display-Heavy.otf */ = {isa = PBXFileReference; lastKnownFileType = file; name = "SF-UI-Display-Heavy.otf"; path = "Resources/Fonts/SF-UI-Display-Heavy.otf"; sourceTree = "<group>"; };
		930B4BE61C3AC857008D22D8 /* SF-UI-Display-Light.otf */ = {isa = PBXFileReference; lastKnownFileType = file; name = "SF-UI-Display-Light.otf"; path = "Resources/Fonts/SF-UI-Display-Light.otf"; sourceTree = "<group>"; };
		930B4BE71C3AC857008D22D8 /* SF-UI-Display-Medium.otf */ = {isa = PBXFileReference; lastKnownFileType = file; name = "SF-UI-Display-Medium.otf"; path = "Resources/Fonts/SF-UI-Display-Medium.otf"; sourceTree = "<group>"; };
		930B4BE81C3AC857008D22D8 /* SF-UI-Display-Regular.otf */ = {isa = PBXFileReference; lastKnownFileType = file; name = "SF-UI-Display-Regular.otf"; path = "Resources/Fonts/SF-UI-Display-Regular.otf"; sourceTree = "<group>"; };
		930B4BE91C3AC857008D22D8 /* SF-UI-Display-Semibold.otf */ = {isa = PBXFileReference; lastKnownFileType = file; name = "SF-UI-Display-Semibold.otf"; path = "Resources/Fonts/SF-UI-Display-Semibold.otf"; sourceTree = "<group>"; };
		930B4BEA1C3AC857008D22D8 /* SF-UI-Display-Thin.otf */ = {isa = PBXFileReference; lastKnownFileType = file; name = "SF-UI-Display-Thin.otf"; path = "Resources/Fonts/SF-UI-Display-Thin.otf"; sourceTree = "<group>"; };
		930B4BEB1C3AC857008D22D8 /* SF-UI-Display-Ultralight.otf */ = {isa = PBXFileReference; lastKnownFileType = file; name = "SF-UI-Display-Ultralight.otf"; path = "Resources/Fonts/SF-UI-Display-Ultralight.otf"; sourceTree = "<group>"; };
		930B4BEC1C3AC857008D22D8 /* SF-UI-Text-Bold.otf */ = {isa = PBXFileReference; lastKnownFileType = file; name = "SF-UI-Text-Bold.otf"; path = "Resources/Fonts/SF-UI-Text-Bold.otf"; sourceTree = "<group>"; };
		930B4BED1C3AC857008D22D8 /* SF-UI-Text-BoldItalic.otf */ = {isa = PBXFileReference; lastKnownFileType = file; name = "SF-UI-Text-BoldItalic.otf"; path = "Resources/Fonts/SF-UI-Text-BoldItalic.otf"; sourceTree = "<group>"; };
		930B4BEE1C3AC857008D22D8 /* SF-UI-Text-Heavy.otf */ = {isa = PBXFileReference; lastKnownFileType = file; name = "SF-UI-Text-Heavy.otf"; path = "Resources/Fonts/SF-UI-Text-Heavy.otf"; sourceTree = "<group>"; };
		930B4BEF1C3AC857008D22D8 /* SF-UI-Text-HeavyItalic.otf */ = {isa = PBXFileReference; lastKnownFileType = file; name = "SF-UI-Text-HeavyItalic.otf"; path = "Resources/Fonts/SF-UI-Text-HeavyItalic.otf"; sourceTree = "<group>"; };
		930B4BF01C3AC857008D22D8 /* SF-UI-Text-Light.otf */ = {isa = PBXFileReference; lastKnownFileType = file; name = "SF-UI-Text-Light.otf"; path = "Resources/Fonts/SF-UI-Text-Light.otf"; sourceTree = "<group>"; };
		930B4BF11C3AC857008D22D8 /* SF-UI-Text-LightItalic.otf */ = {isa = PBXFileReference; lastKnownFileType = file; name = "SF-UI-Text-LightItalic.otf"; path = "Resources/Fonts/SF-UI-Text-LightItalic.otf"; sourceTree = "<group>"; };
		930B4BF21C3AC857008D22D8 /* SF-UI-Text-Medium.otf */ = {isa = PBXFileReference; lastKnownFileType = file; name = "SF-UI-Text-Medium.otf"; path = "Resources/Fonts/SF-UI-Text-Medium.otf"; sourceTree = "<group>"; };
		930B4BF31C3AC857008D22D8 /* SF-UI-Text-MediumItalic.otf */ = {isa = PBXFileReference; lastKnownFileType = file; name = "SF-UI-Text-MediumItalic.otf"; path = "Resources/Fonts/SF-UI-Text-MediumItalic.otf"; sourceTree = "<group>"; };
		930B4BF41C3AC857008D22D8 /* SF-UI-Text-Regular.otf */ = {isa = PBXFileReference; lastKnownFileType = file; name = "SF-UI-Text-Regular.otf"; path = "Resources/Fonts/SF-UI-Text-Regular.otf"; sourceTree = "<group>"; };
		930B4BF51C3AC857008D22D8 /* SF-UI-Text-RegularItalic.otf */ = {isa = PBXFileReference; lastKnownFileType = file; name = "SF-UI-Text-RegularItalic.otf"; path = "Resources/Fonts/SF-UI-Text-RegularItalic.otf"; sourceTree = "<group>"; };
		930B4BF61C3AC857008D22D8 /* SF-UI-Text-Semibold.otf */ = {isa = PBXFileReference; lastKnownFileType = file; name = "SF-UI-Text-Semibold.otf"; path = "Resources/Fonts/SF-UI-Text-Semibold.otf"; sourceTree = "<group>"; };
		930B4BF71C3AC857008D22D8 /* SF-UI-Text-SemiboldItalic.otf */ = {isa = PBXFileReference; lastKnownFileType = file; name = "SF-UI-Text-SemiboldItalic.otf"; path = "Resources/Fonts/SF-UI-Text-SemiboldItalic.otf"; sourceTree = "<group>"; };
		930B4C181C3AEC1E008D22D8 /* IBAContact.swift */ = {isa = PBXFileReference; fileEncoding = 4; lastKnownFileType = sourcecode.swift; name = IBAContact.swift; path = Models/IBAContact.swift; sourceTree = "<group>"; };
		930B4C1A1C3AEC2A008D22D8 /* IBARoundedButton.swift */ = {isa = PBXFileReference; fileEncoding = 4; lastKnownFileType = sourcecode.swift; name = IBARoundedButton.swift; path = Views/IBARoundedButton.swift; sourceTree = "<group>"; };
		930B4C1C1C3AEC39008D22D8 /* IBAContactsSetupViewController.swift */ = {isa = PBXFileReference; fileEncoding = 4; lastKnownFileType = sourcecode.swift; name = IBAContactsSetupViewController.swift; path = "View Controllers/IBAContactsSetupViewController.swift"; sourceTree = "<group>"; };
		930B4C1E1C3AECB0008D22D8 /* IBAContactIntervalSetupViewController.swift */ = {isa = PBXFileReference; fileEncoding = 4; lastKnownFileType = sourcecode.swift; name = IBAContactIntervalSetupViewController.swift; path = "View Controllers/IBAContactIntervalSetupViewController.swift"; sourceTree = "<group>"; };
		930B4C201C3AF6E5008D22D8 /* IBAAppData.swift */ = {isa = PBXFileReference; fileEncoding = 4; lastKnownFileType = sourcecode.swift; name = IBAAppData.swift; path = Models/IBAAppData.swift; sourceTree = "<group>"; };
		930B4C221C3B0E1B008D22D8 /* IBAOverviewViewController.swift */ = {isa = PBXFileReference; fileEncoding = 4; lastKnownFileType = sourcecode.swift; name = IBAOverviewViewController.swift; path = "View Controllers/IBAOverviewViewController.swift"; sourceTree = "<group>"; };
		930B4C241C3B1590008D22D8 /* IBAReplaceSegue.swift */ = {isa = PBXFileReference; fileEncoding = 4; lastKnownFileType = sourcecode.swift; path = IBAReplaceSegue.swift; sourceTree = "<group>"; };
		930B4C261C3B1864008D22D8 /* IBAOverviewTableViewCell.swift */ = {isa = PBXFileReference; fileEncoding = 4; lastKnownFileType = sourcecode.swift; name = IBAOverviewTableViewCell.swift; path = Views/IBAOverviewTableViewCell.swift; sourceTree = "<group>"; };
		93DDAF5D1C37284E001D9362 /* IBA.app */ = {isa = PBXFileReference; explicitFileType = wrapper.application; includeInIndex = 0; path = IBA.app; sourceTree = BUILT_PRODUCTS_DIR; };
		93DDAF601C37284E001D9362 /* AppDelegate.swift */ = {isa = PBXFileReference; lastKnownFileType = sourcecode.swift; path = AppDelegate.swift; sourceTree = "<group>"; };
		93DDAF651C37284E001D9362 /* Base */ = {isa = PBXFileReference; lastKnownFileType = file.storyboard; name = Base; path = Base.lproj/Main.storyboard; sourceTree = "<group>"; };
		93DDAF671C37284E001D9362 /* Assets.xcassets */ = {isa = PBXFileReference; lastKnownFileType = folder.assetcatalog; path = Assets.xcassets; sourceTree = "<group>"; };
		93DDAF6A1C37284E001D9362 /* Base */ = {isa = PBXFileReference; lastKnownFileType = file.storyboard; name = Base; path = Base.lproj/LaunchScreen.storyboard; sourceTree = "<group>"; };
		93DDAF6C1C37284E001D9362 /* Info.plist */ = {isa = PBXFileReference; lastKnownFileType = text.plist.xml; path = Info.plist; sourceTree = "<group>"; };
		93DDAF711C37284E001D9362 /* IBATests.xctest */ = {isa = PBXFileReference; explicitFileType = wrapper.cfbundle; includeInIndex = 0; path = IBATests.xctest; sourceTree = BUILT_PRODUCTS_DIR; };
		93DDAF751C37284E001D9362 /* IBATests.swift */ = {isa = PBXFileReference; lastKnownFileType = sourcecode.swift; path = IBATests.swift; sourceTree = "<group>"; };
		93DDAF771C37284E001D9362 /* Info.plist */ = {isa = PBXFileReference; lastKnownFileType = text.plist.xml; path = Info.plist; sourceTree = "<group>"; };
		93DDAF7C1C37284E001D9362 /* IBAUITests.xctest */ = {isa = PBXFileReference; explicitFileType = wrapper.cfbundle; includeInIndex = 0; path = IBAUITests.xctest; sourceTree = BUILT_PRODUCTS_DIR; };
		93DDAF801C37284E001D9362 /* IBAUITests.swift */ = {isa = PBXFileReference; lastKnownFileType = sourcecode.swift; path = IBAUITests.swift; sourceTree = "<group>"; };
		93DDAF821C37284E001D9362 /* Info.plist */ = {isa = PBXFileReference; lastKnownFileType = text.plist.xml; path = Info.plist; sourceTree = "<group>"; };
		9CC983DB6CE683EB3A729910 /* Pods.release.xcconfig */ = {isa = PBXFileReference; includeInIndex = 1; lastKnownFileType = text.xcconfig; name = Pods.release.xcconfig; path = "Pods/Target Support Files/Pods/Pods.release.xcconfig"; sourceTree = "<group>"; };
		A7649DAF52171AA4AE79EF0B /* Pods.framework */ = {isa = PBXFileReference; explicitFileType = wrapper.framework; includeInIndex = 0; path = Pods.framework; sourceTree = BUILT_PRODUCTS_DIR; };
		FBD4B67F7BE1DD7F1F36679E /* Pods.debug.xcconfig */ = {isa = PBXFileReference; includeInIndex = 1; lastKnownFileType = text.xcconfig; name = Pods.debug.xcconfig; path = "Pods/Target Support Files/Pods/Pods.debug.xcconfig"; sourceTree = "<group>"; };
/* End PBXFileReference section */

/* Begin PBXFrameworksBuildPhase section */
		93DDAF5A1C37284E001D9362 /* Frameworks */ = {
			isa = PBXFrameworksBuildPhase;
			buildActionMask = 2147483647;
			files = (
				154C9A5FD42F33B6B9387971 /* Pods.framework in Frameworks */,
			);
			runOnlyForDeploymentPostprocessing = 0;
		};
		93DDAF6E1C37284E001D9362 /* Frameworks */ = {
			isa = PBXFrameworksBuildPhase;
			buildActionMask = 2147483647;
			files = (
			);
			runOnlyForDeploymentPostprocessing = 0;
		};
		93DDAF791C37284E001D9362 /* Frameworks */ = {
			isa = PBXFrameworksBuildPhase;
			buildActionMask = 2147483647;
			files = (
			);
			runOnlyForDeploymentPostprocessing = 0;
		};
/* End PBXFrameworksBuildPhase section */

/* Begin PBXGroup section */
		61D785BE0F458A51016F89E8 /* Frameworks */ = {
			isa = PBXGroup;
			children = (
				A7649DAF52171AA4AE79EF0B /* Pods.framework */,
			);
			name = Frameworks;
			sourceTree = "<group>";
		};
		82AB3CF7795114739523EDCF /* Pods */ = {
			isa = PBXGroup;
			children = (
				FBD4B67F7BE1DD7F1F36679E /* Pods.debug.xcconfig */,
				9CC983DB6CE683EB3A729910 /* Pods.release.xcconfig */,
			);
			name = Pods;
			sourceTree = "<group>";
		};
		930B4BE11C3AC806008D22D8 /* Resources */ = {
			isa = PBXGroup;
			children = (
				930B4BE21C3AC81A008D22D8 /* Fonts */,
			);
			name = Resources;
			sourceTree = "<group>";
		};
		930B4BE21C3AC81A008D22D8 /* Fonts */ = {
			isa = PBXGroup;
			children = (
				930B4BE31C3AC857008D22D8 /* SF-UI-Display-Black.otf */,
				930B4BE41C3AC857008D22D8 /* SF-UI-Display-Bold.otf */,
				930B4BE51C3AC857008D22D8 /* SF-UI-Display-Heavy.otf */,
				930B4BE61C3AC857008D22D8 /* SF-UI-Display-Light.otf */,
				930B4BE71C3AC857008D22D8 /* SF-UI-Display-Medium.otf */,
				930B4BE81C3AC857008D22D8 /* SF-UI-Display-Regular.otf */,
				930B4BE91C3AC857008D22D8 /* SF-UI-Display-Semibold.otf */,
				930B4BEA1C3AC857008D22D8 /* SF-UI-Display-Thin.otf */,
				930B4BEB1C3AC857008D22D8 /* SF-UI-Display-Ultralight.otf */,
				930B4BEC1C3AC857008D22D8 /* SF-UI-Text-Bold.otf */,
				930B4BED1C3AC857008D22D8 /* SF-UI-Text-BoldItalic.otf */,
				930B4BEE1C3AC857008D22D8 /* SF-UI-Text-Heavy.otf */,
				930B4BEF1C3AC857008D22D8 /* SF-UI-Text-HeavyItalic.otf */,
				930B4BF01C3AC857008D22D8 /* SF-UI-Text-Light.otf */,
				930B4BF11C3AC857008D22D8 /* SF-UI-Text-LightItalic.otf */,
				930B4BF21C3AC857008D22D8 /* SF-UI-Text-Medium.otf */,
				930B4BF31C3AC857008D22D8 /* SF-UI-Text-MediumItalic.otf */,
				930B4BF41C3AC857008D22D8 /* SF-UI-Text-Regular.otf */,
				930B4BF51C3AC857008D22D8 /* SF-UI-Text-RegularItalic.otf */,
				930B4BF61C3AC857008D22D8 /* SF-UI-Text-Semibold.otf */,
				930B4BF71C3AC857008D22D8 /* SF-UI-Text-SemiboldItalic.otf */,
			);
			name = Fonts;
			sourceTree = "<group>";
		};
		930B4C0D1C3ACC4C008D22D8 /* Views */ = {
			isa = PBXGroup;
			children = (
				930B4C1A1C3AEC2A008D22D8 /* IBARoundedButton.swift */,
				930B4C261C3B1864008D22D8 /* IBAOverviewTableViewCell.swift */,
			);
			name = Views;
			sourceTree = "<group>";
		};
		930B4C101C3AD329008D22D8 /* Models */ = {
			isa = PBXGroup;
			children = (
				930B4C181C3AEC1E008D22D8 /* IBAContact.swift */,
				930B4C201C3AF6E5008D22D8 /* IBAAppData.swift */,
			);
			name = Models;
			sourceTree = "<group>";
		};
		930B4C111C3AD331008D22D8 /* View Controllers */ = {
			isa = PBXGroup;
			children = (
				930B4C1C1C3AEC39008D22D8 /* IBAContactsSetupViewController.swift */,
				930B4C1E1C3AECB0008D22D8 /* IBAContactIntervalSetupViewController.swift */,
				930B4C221C3B0E1B008D22D8 /* IBAOverviewViewController.swift */,
			);
			name = "View Controllers";
			sourceTree = "<group>";
		};
		93DDAF541C37284E001D9362 = {
			isa = PBXGroup;
			children = (
				93DDAF5F1C37284E001D9362 /* IBA */,
				93DDAF741C37284E001D9362 /* IBATests */,
				93DDAF7F1C37284E001D9362 /* IBAUITests */,
				93DDAF5E1C37284E001D9362 /* Products */,
				82AB3CF7795114739523EDCF /* Pods */,
				61D785BE0F458A51016F89E8 /* Frameworks */,
			);
			sourceTree = "<group>";
		};
		93DDAF5E1C37284E001D9362 /* Products */ = {
			isa = PBXGroup;
			children = (
				93DDAF5D1C37284E001D9362 /* IBA.app */,
				93DDAF711C37284E001D9362 /* IBATests.xctest */,
				93DDAF7C1C37284E001D9362 /* IBAUITests.xctest */,
			);
			name = Products;
			sourceTree = "<group>";
		};
		93DDAF5F1C37284E001D9362 /* IBA */ = {
			isa = PBXGroup;
			children = (
				930B4BE11C3AC806008D22D8 /* Resources */,
				93DDAF691C37284E001D9362 /* LaunchScreen.storyboard */,
				93DDAF641C37284E001D9362 /* Main.storyboard */,
				93DDAF601C37284E001D9362 /* AppDelegate.swift */,
				930B4C101C3AD329008D22D8 /* Models */,
				930B4C0D1C3ACC4C008D22D8 /* Views */,
				930B4C111C3AD331008D22D8 /* View Controllers */,
				93DDAF671C37284E001D9362 /* Assets.xcassets */,
				93DDAF6C1C37284E001D9362 /* Info.plist */,
				930B4C241C3B1590008D22D8 /* IBAReplaceSegue.swift */,
			);
			path = IBA;
			sourceTree = "<group>";
		};
		93DDAF741C37284E001D9362 /* IBATests */ = {
			isa = PBXGroup;
			children = (
				93DDAF751C37284E001D9362 /* IBATests.swift */,
				93DDAF771C37284E001D9362 /* Info.plist */,
			);
			path = IBATests;
			sourceTree = "<group>";
		};
		93DDAF7F1C37284E001D9362 /* IBAUITests */ = {
			isa = PBXGroup;
			children = (
				93DDAF801C37284E001D9362 /* IBAUITests.swift */,
				93DDAF821C37284E001D9362 /* Info.plist */,
			);
			path = IBAUITests;
			sourceTree = "<group>";
		};
/* End PBXGroup section */

/* Begin PBXNativeTarget section */
		93DDAF5C1C37284E001D9362 /* IBA */ = {
			isa = PBXNativeTarget;
			buildConfigurationList = 93DDAF851C37284E001D9362 /* Build configuration list for PBXNativeTarget "IBA" */;
			buildPhases = (
				7A10062D01A0B1AFA2315203 /* Check Pods Manifest.lock */,
				93DDAF591C37284E001D9362 /* Sources */,
				93DDAF5A1C37284E001D9362 /* Frameworks */,
				93DDAF5B1C37284E001D9362 /* Resources */,
				CFD2AA640F926C1AACEBE4CF /* Embed Pods Frameworks */,
				221F36843AAFEBDF5DC2CD41 /* Copy Pods Resources */,
			);
			buildRules = (
			);
			dependencies = (
			);
			name = IBA;
			productName = IBA;
			productReference = 93DDAF5D1C37284E001D9362 /* IBA.app */;
			productType = "com.apple.product-type.application";
		};
		93DDAF701C37284E001D9362 /* IBATests */ = {
			isa = PBXNativeTarget;
			buildConfigurationList = 93DDAF881C37284E001D9362 /* Build configuration list for PBXNativeTarget "IBATests" */;
			buildPhases = (
				93DDAF6D1C37284E001D9362 /* Sources */,
				93DDAF6E1C37284E001D9362 /* Frameworks */,
				93DDAF6F1C37284E001D9362 /* Resources */,
			);
			buildRules = (
			);
			dependencies = (
				93DDAF731C37284E001D9362 /* PBXTargetDependency */,
			);
			name = IBATests;
			productName = IBATests;
			productReference = 93DDAF711C37284E001D9362 /* IBATests.xctest */;
			productType = "com.apple.product-type.bundle.unit-test";
		};
		93DDAF7B1C37284E001D9362 /* IBAUITests */ = {
			isa = PBXNativeTarget;
			buildConfigurationList = 93DDAF8B1C37284E001D9362 /* Build configuration list for PBXNativeTarget "IBAUITests" */;
			buildPhases = (
				93DDAF781C37284E001D9362 /* Sources */,
				93DDAF791C37284E001D9362 /* Frameworks */,
				93DDAF7A1C37284E001D9362 /* Resources */,
			);
			buildRules = (
			);
			dependencies = (
				93DDAF7E1C37284E001D9362 /* PBXTargetDependency */,
			);
			name = IBAUITests;
			productName = IBAUITests;
			productReference = 93DDAF7C1C37284E001D9362 /* IBAUITests.xctest */;
			productType = "com.apple.product-type.bundle.ui-testing";
		};
/* End PBXNativeTarget section */

/* Begin PBXProject section */
		93DDAF551C37284E001D9362 /* Project object */ = {
			isa = PBXProject;
			attributes = {
				LastSwiftUpdateCheck = 0720;
				LastUpgradeCheck = 0720;
				ORGANIZATIONNAME = "Danika Suggs";
				TargetAttributes = {
					93DDAF5C1C37284E001D9362 = {
						CreatedOnToolsVersion = 7.2;
					};
					93DDAF701C37284E001D9362 = {
						CreatedOnToolsVersion = 7.2;
						TestTargetID = 93DDAF5C1C37284E001D9362;
					};
					93DDAF7B1C37284E001D9362 = {
						CreatedOnToolsVersion = 7.2;
						TestTargetID = 93DDAF5C1C37284E001D9362;
					};
				};
			};
			buildConfigurationList = 93DDAF581C37284E001D9362 /* Build configuration list for PBXProject "IBA" */;
			compatibilityVersion = "Xcode 3.2";
			developmentRegion = English;
			hasScannedForEncodings = 0;
			knownRegions = (
				en,
				Base,
			);
			mainGroup = 93DDAF541C37284E001D9362;
			productRefGroup = 93DDAF5E1C37284E001D9362 /* Products */;
			projectDirPath = "";
			projectRoot = "";
			targets = (
				93DDAF5C1C37284E001D9362 /* IBA */,
				93DDAF701C37284E001D9362 /* IBATests */,
				93DDAF7B1C37284E001D9362 /* IBAUITests */,
			);
		};
/* End PBXProject section */

/* Begin PBXResourcesBuildPhase section */
		93DDAF5B1C37284E001D9362 /* Resources */ = {
			isa = PBXResourcesBuildPhase;
			buildActionMask = 2147483647;
			files = (
				93DDAF6B1C37284E001D9362 /* LaunchScreen.storyboard in Resources */,
				930B4C061C3AC857008D22D8 /* SF-UI-Text-LightItalic.otf in Resources */,
				930B4BFD1C3AC857008D22D8 /* SF-UI-Display-Regular.otf in Resources */,
				930B4C031C3AC857008D22D8 /* SF-UI-Text-Heavy.otf in Resources */,
				930B4BFC1C3AC857008D22D8 /* SF-UI-Display-Medium.otf in Resources */,
				930B4BFB1C3AC857008D22D8 /* SF-UI-Display-Light.otf in Resources */,
				930B4C071C3AC857008D22D8 /* SF-UI-Text-Medium.otf in Resources */,
				930B4BFA1C3AC857008D22D8 /* SF-UI-Display-Heavy.otf in Resources */,
				930B4C021C3AC857008D22D8 /* SF-UI-Text-BoldItalic.otf in Resources */,
				930B4C0C1C3AC857008D22D8 /* SF-UI-Text-SemiboldItalic.otf in Resources */,
				930B4BFE1C3AC857008D22D8 /* SF-UI-Display-Semibold.otf in Resources */,
				930B4C001C3AC857008D22D8 /* SF-UI-Display-Ultralight.otf in Resources */,
				930B4BF91C3AC857008D22D8 /* SF-UI-Display-Bold.otf in Resources */,
				930B4C051C3AC857008D22D8 /* SF-UI-Text-Light.otf in Resources */,
				930B4C081C3AC857008D22D8 /* SF-UI-Text-MediumItalic.otf in Resources */,
				930B4C091C3AC857008D22D8 /* SF-UI-Text-Regular.otf in Resources */,
				930B4C041C3AC857008D22D8 /* SF-UI-Text-HeavyItalic.otf in Resources */,
				930B4BFF1C3AC857008D22D8 /* SF-UI-Display-Thin.otf in Resources */,
				930B4C0A1C3AC857008D22D8 /* SF-UI-Text-RegularItalic.otf in Resources */,
				93DDAF681C37284E001D9362 /* Assets.xcassets in Resources */,
				930B4C011C3AC857008D22D8 /* SF-UI-Text-Bold.otf in Resources */,
				930B4C0B1C3AC857008D22D8 /* SF-UI-Text-Semibold.otf in Resources */,
				930B4BF81C3AC857008D22D8 /* SF-UI-Display-Black.otf in Resources */,
				93DDAF661C37284E001D9362 /* Main.storyboard in Resources */,
			);
			runOnlyForDeploymentPostprocessing = 0;
		};
		93DDAF6F1C37284E001D9362 /* Resources */ = {
			isa = PBXResourcesBuildPhase;
			buildActionMask = 2147483647;
			files = (
			);
			runOnlyForDeploymentPostprocessing = 0;
		};
		93DDAF7A1C37284E001D9362 /* Resources */ = {
			isa = PBXResourcesBuildPhase;
			buildActionMask = 2147483647;
			files = (
			);
			runOnlyForDeploymentPostprocessing = 0;
		};
/* End PBXResourcesBuildPhase section */

/* Begin PBXShellScriptBuildPhase section */
		221F36843AAFEBDF5DC2CD41 /* Copy Pods Resources */ = {
			isa = PBXShellScriptBuildPhase;
			buildActionMask = 2147483647;
			files = (
			);
			inputPaths = (
			);
			name = "Copy Pods Resources";
			outputPaths = (
			);
			runOnlyForDeploymentPostprocessing = 0;
			shellPath = /bin/sh;
			shellScript = "\"${SRCROOT}/Pods/Target Support Files/Pods/Pods-resources.sh\"\n";
			showEnvVarsInLog = 0;
		};
		7A10062D01A0B1AFA2315203 /* Check Pods Manifest.lock */ = {
			isa = PBXShellScriptBuildPhase;
			buildActionMask = 2147483647;
			files = (
			);
			inputPaths = (
			);
			name = "Check Pods Manifest.lock";
			outputPaths = (
			);
			runOnlyForDeploymentPostprocessing = 0;
			shellPath = /bin/sh;
			shellScript = "diff \"${PODS_ROOT}/../Podfile.lock\" \"${PODS_ROOT}/Manifest.lock\" > /dev/null\nif [[ $? != 0 ]] ; then\n    cat << EOM\nerror: The sandbox is not in sync with the Podfile.lock. Run 'pod install' or update your CocoaPods installation.\nEOM\n    exit 1\nfi\n";
			showEnvVarsInLog = 0;
		};
		CFD2AA640F926C1AACEBE4CF /* Embed Pods Frameworks */ = {
			isa = PBXShellScriptBuildPhase;
			buildActionMask = 2147483647;
			files = (
			);
			inputPaths = (
			);
			name = "Embed Pods Frameworks";
			outputPaths = (
			);
			runOnlyForDeploymentPostprocessing = 0;
			shellPath = /bin/sh;
			shellScript = "\"${SRCROOT}/Pods/Target Support Files/Pods/Pods-frameworks.sh\"\n";
			showEnvVarsInLog = 0;
		};
/* End PBXShellScriptBuildPhase section */

/* Begin PBXSourcesBuildPhase section */
		93DDAF591C37284E001D9362 /* Sources */ = {
			isa = PBXSourcesBuildPhase;
			buildActionMask = 2147483647;
			files = (
				930B4C211C3AF6E5008D22D8 /* IBAAppData.swift in Sources */,
				930B4C251C3B1590008D22D8 /* IBAReplaceSegue.swift in Sources */,
				930B4C1D1C3AEC39008D22D8 /* IBAContactsSetupViewController.swift in Sources */,
				930B4C231C3B0E1B008D22D8 /* IBAOverviewViewController.swift in Sources */,
				930B4C1B1C3AEC2A008D22D8 /* IBARoundedButton.swift in Sources */,
				93DDAF611C37284E001D9362 /* AppDelegate.swift in Sources */,
				930B4C1F1C3AECB0008D22D8 /* IBAContactIntervalSetupViewController.swift in Sources */,
				930B4C271C3B1864008D22D8 /* IBAOverviewTableViewCell.swift in Sources */,
				930B4C191C3AEC1E008D22D8 /* IBAContact.swift in Sources */,
			);
			runOnlyForDeploymentPostprocessing = 0;
		};
		93DDAF6D1C37284E001D9362 /* Sources */ = {
			isa = PBXSourcesBuildPhase;
			buildActionMask = 2147483647;
			files = (
				93DDAF761C37284E001D9362 /* IBATests.swift in Sources */,
			);
			runOnlyForDeploymentPostprocessing = 0;
		};
		93DDAF781C37284E001D9362 /* Sources */ = {
			isa = PBXSourcesBuildPhase;
			buildActionMask = 2147483647;
			files = (
				93DDAF811C37284E001D9362 /* IBAUITests.swift in Sources */,
			);
			runOnlyForDeploymentPostprocessing = 0;
		};
/* End PBXSourcesBuildPhase section */

/* Begin PBXTargetDependency section */
		93DDAF731C37284E001D9362 /* PBXTargetDependency */ = {
			isa = PBXTargetDependency;
			target = 93DDAF5C1C37284E001D9362 /* IBA */;
			targetProxy = 93DDAF721C37284E001D9362 /* PBXContainerItemProxy */;
		};
		93DDAF7E1C37284E001D9362 /* PBXTargetDependency */ = {
			isa = PBXTargetDependency;
			target = 93DDAF5C1C37284E001D9362 /* IBA */;
			targetProxy = 93DDAF7D1C37284E001D9362 /* PBXContainerItemProxy */;
		};
/* End PBXTargetDependency section */

/* Begin PBXVariantGroup section */
		93DDAF641C37284E001D9362 /* Main.storyboard */ = {
			isa = PBXVariantGroup;
			children = (
				93DDAF651C37284E001D9362 /* Base */,
			);
			name = Main.storyboard;
			sourceTree = "<group>";
		};
		93DDAF691C37284E001D9362 /* LaunchScreen.storyboard */ = {
			isa = PBXVariantGroup;
			children = (
				93DDAF6A1C37284E001D9362 /* Base */,
			);
			name = LaunchScreen.storyboard;
			sourceTree = "<group>";
		};
/* End PBXVariantGroup section */

/* Begin XCBuildConfiguration section */
		93DDAF831C37284E001D9362 /* Debug */ = {
			isa = XCBuildConfiguration;
			buildSettings = {
				ALWAYS_SEARCH_USER_PATHS = NO;
				CLANG_CXX_LANGUAGE_STANDARD = "gnu++0x";
				CLANG_CXX_LIBRARY = "libc++";
				CLANG_ENABLE_MODULES = YES;
				CLANG_ENABLE_OBJC_ARC = YES;
				CLANG_WARN_BOOL_CONVERSION = YES;
				CLANG_WARN_CONSTANT_CONVERSION = YES;
				CLANG_WARN_DIRECT_OBJC_ISA_USAGE = YES_ERROR;
				CLANG_WARN_EMPTY_BODY = YES;
				CLANG_WARN_ENUM_CONVERSION = YES;
				CLANG_WARN_INT_CONVERSION = YES;
				CLANG_WARN_OBJC_ROOT_CLASS = YES_ERROR;
				CLANG_WARN_UNREACHABLE_CODE = YES;
				CLANG_WARN__DUPLICATE_METHOD_MATCH = YES;
				"CODE_SIGN_IDENTITY[sdk=iphoneos*]" = "iPhone Developer";
				COPY_PHASE_STRIP = NO;
				DEBUG_INFORMATION_FORMAT = dwarf;
				ENABLE_STRICT_OBJC_MSGSEND = YES;
				ENABLE_TESTABILITY = YES;
				GCC_C_LANGUAGE_STANDARD = gnu99;
				GCC_DYNAMIC_NO_PIC = NO;
				GCC_NO_COMMON_BLOCKS = YES;
				GCC_OPTIMIZATION_LEVEL = 0;
				GCC_PREPROCESSOR_DEFINITIONS = (
					"DEBUG=1",
					"$(inherited)",
				);
				GCC_WARN_64_TO_32_BIT_CONVERSION = YES;
				GCC_WARN_ABOUT_RETURN_TYPE = YES_ERROR;
				GCC_WARN_UNDECLARED_SELECTOR = YES;
				GCC_WARN_UNINITIALIZED_AUTOS = YES_AGGRESSIVE;
				GCC_WARN_UNUSED_FUNCTION = YES;
				GCC_WARN_UNUSED_VARIABLE = YES;
				IPHONEOS_DEPLOYMENT_TARGET = 9.2;
				MTL_ENABLE_DEBUG_INFO = YES;
				ONLY_ACTIVE_ARCH = YES;
				SDKROOT = iphoneos;
				SWIFT_OPTIMIZATION_LEVEL = "-Onone";
			};
			name = Debug;
		};
		93DDAF841C37284E001D9362 /* Release */ = {
			isa = XCBuildConfiguration;
			buildSettings = {
				ALWAYS_SEARCH_USER_PATHS = NO;
				CLANG_CXX_LANGUAGE_STANDARD = "gnu++0x";
				CLANG_CXX_LIBRARY = "libc++";
				CLANG_ENABLE_MODULES = YES;
				CLANG_ENABLE_OBJC_ARC = YES;
				CLANG_WARN_BOOL_CONVERSION = YES;
				CLANG_WARN_CONSTANT_CONVERSION = YES;
				CLANG_WARN_DIRECT_OBJC_ISA_USAGE = YES_ERROR;
				CLANG_WARN_EMPTY_BODY = YES;
				CLANG_WARN_ENUM_CONVERSION = YES;
				CLANG_WARN_INT_CONVERSION = YES;
				CLANG_WARN_OBJC_ROOT_CLASS = YES_ERROR;
				CLANG_WARN_UNREACHABLE_CODE = YES;
				CLANG_WARN__DUPLICATE_METHOD_MATCH = YES;
				"CODE_SIGN_IDENTITY[sdk=iphoneos*]" = "iPhone Developer";
				COPY_PHASE_STRIP = NO;
				DEBUG_INFORMATION_FORMAT = "dwarf-with-dsym";
				ENABLE_NS_ASSERTIONS = NO;
				ENABLE_STRICT_OBJC_MSGSEND = YES;
				GCC_C_LANGUAGE_STANDARD = gnu99;
				GCC_NO_COMMON_BLOCKS = YES;
				GCC_WARN_64_TO_32_BIT_CONVERSION = YES;
				GCC_WARN_ABOUT_RETURN_TYPE = YES_ERROR;
				GCC_WARN_UNDECLARED_SELECTOR = YES;
				GCC_WARN_UNINITIALIZED_AUTOS = YES_AGGRESSIVE;
				GCC_WARN_UNUSED_FUNCTION = YES;
				GCC_WARN_UNUSED_VARIABLE = YES;
				IPHONEOS_DEPLOYMENT_TARGET = 9.2;
				MTL_ENABLE_DEBUG_INFO = NO;
				SDKROOT = iphoneos;
				VALIDATE_PRODUCT = YES;
			};
			name = Release;
		};
		93DDAF861C37284E001D9362 /* Debug */ = {
			isa = XCBuildConfiguration;
			baseConfigurationReference = FBD4B67F7BE1DD7F1F36679E /* Pods.debug.xcconfig */;
			buildSettings = {
				ASSETCATALOG_COMPILER_APPICON_NAME = AppIcon;
				INFOPLIST_FILE = IBA/Info.plist;
				LD_RUNPATH_SEARCH_PATHS = "$(inherited) @executable_path/Frameworks";
				PRODUCT_BUNDLE_IDENTIFIER = com.danikasuggs.IBA;
				PRODUCT_NAME = "$(TARGET_NAME)";
			};
			name = Debug;
		};
		93DDAF871C37284E001D9362 /* Release */ = {
			isa = XCBuildConfiguration;
			baseConfigurationReference = 9CC983DB6CE683EB3A729910 /* Pods.release.xcconfig */;
			buildSettings = {
				ASSETCATALOG_COMPILER_APPICON_NAME = AppIcon;
				INFOPLIST_FILE = IBA/Info.plist;
				LD_RUNPATH_SEARCH_PATHS = "$(inherited) @executable_path/Frameworks";
				PRODUCT_BUNDLE_IDENTIFIER = com.danikasuggs.IBA;
				PRODUCT_NAME = "$(TARGET_NAME)";
			};
			name = Release;
		};
		93DDAF891C37284E001D9362 /* Debug */ = {
			isa = XCBuildConfiguration;
			buildSettings = {
				BUNDLE_LOADER = "$(TEST_HOST)";
				INFOPLIST_FILE = IBATests/Info.plist;
				LD_RUNPATH_SEARCH_PATHS = "$(inherited) @executable_path/Frameworks @loader_path/Frameworks";
				PRODUCT_BUNDLE_IDENTIFIER = com.danikasuggs.IBATests;
				PRODUCT_NAME = "$(TARGET_NAME)";
				TEST_HOST = "$(BUILT_PRODUCTS_DIR)/IBA.app/IBA";
			};
			name = Debug;
		};
		93DDAF8A1C37284E001D9362 /* Release */ = {
			isa = XCBuildConfiguration;
			buildSettings = {
				BUNDLE_LOADER = "$(TEST_HOST)";
				INFOPLIST_FILE = IBATests/Info.plist;
				LD_RUNPATH_SEARCH_PATHS = "$(inherited) @executable_path/Frameworks @loader_path/Frameworks";
				PRODUCT_BUNDLE_IDENTIFIER = com.danikasuggs.IBATests;
				PRODUCT_NAME = "$(TARGET_NAME)";
				TEST_HOST = "$(BUILT_PRODUCTS_DIR)/IBA.app/IBA";
			};
			name = Release;
		};
		93DDAF8C1C37284E001D9362 /* Debug */ = {
			isa = XCBuildConfiguration;
			buildSettings = {
				INFOPLIST_FILE = IBAUITests/Info.plist;
				LD_RUNPATH_SEARCH_PATHS = "$(inherited) @executable_path/Frameworks @loader_path/Frameworks";
				PRODUCT_BUNDLE_IDENTIFIER = com.danikasuggs.IBAUITests;
				PRODUCT_NAME = "$(TARGET_NAME)";
				TEST_TARGET_NAME = IBA;
				USES_XCTRUNNER = YES;
			};
			name = Debug;
		};
		93DDAF8D1C37284E001D9362 /* Release */ = {
			isa = XCBuildConfiguration;
			buildSettings = {
				INFOPLIST_FILE = IBAUITests/Info.plist;
				LD_RUNPATH_SEARCH_PATHS = "$(inherited) @executable_path/Frameworks @loader_path/Frameworks";
				PRODUCT_BUNDLE_IDENTIFIER = com.danikasuggs.IBAUITests;
				PRODUCT_NAME = "$(TARGET_NAME)";
				TEST_TARGET_NAME = IBA;
				USES_XCTRUNNER = YES;
			};
			name = Release;
		};
/* End XCBuildConfiguration section */

/* Begin XCConfigurationList section */
		93DDAF581C37284E001D9362 /* Build configuration list for PBXProject "IBA" */ = {
			isa = XCConfigurationList;
			buildConfigurations = (
				93DDAF831C37284E001D9362 /* Debug */,
				93DDAF841C37284E001D9362 /* Release */,
			);
			defaultConfigurationIsVisible = 0;
			defaultConfigurationName = Release;
		};
		93DDAF851C37284E001D9362 /* Build configuration list for PBXNativeTarget "IBA" */ = {
			isa = XCConfigurationList;
			buildConfigurations = (
				93DDAF861C37284E001D9362 /* Debug */,
				93DDAF871C37284E001D9362 /* Release */,
			);
			defaultConfigurationIsVisible = 0;
			defaultConfigurationName = Release;
		};
		93DDAF881C37284E001D9362 /* Build configuration list for PBXNativeTarget "IBATests" */ = {
			isa = XCConfigurationList;
			buildConfigurations = (
				93DDAF891C37284E001D9362 /* Debug */,
				93DDAF8A1C37284E001D9362 /* Release */,
			);
			defaultConfigurationIsVisible = 0;
			defaultConfigurationName = Release;
		};
		93DDAF8B1C37284E001D9362 /* Build configuration list for PBXNativeTarget "IBAUITests" */ = {
			isa = XCConfigurationList;
			buildConfigurations = (
				93DDAF8C1C37284E001D9362 /* Debug */,
				93DDAF8D1C37284E001D9362 /* Release */,
			);
			defaultConfigurationIsVisible = 0;
			defaultConfigurationName = Release;
		};
/* End XCConfigurationList section */
	};
	rootObject = 93DDAF551C37284E001D9362 /* Project object */;
}
